
Microsoft Visual Studio Solution File, Format Version 12.00
# Visual Studio 15
VisualStudioVersion = 15.0.26228.4
MinimumVisualStudioVersion = 10.0.40219.1
Project("{FAE04EC0-301F-11D3-BF4B-00C04F79EFBC}") = "0.02_basictypes", "0.02_basictypes\0.02_basictypes.csproj", "{31EED731-297F-4F53-92AC-A266C9B85468}"
EndProject
Project("{FAE04EC0-301F-11D3-BF4B-00C04F79EFBC}") = "0.01_intro", "0.01_intro\0.01_intro.csproj", "{F9638D87-F51E-4931-B9A9-927654C10C1A}"
EndProject
Global
	GlobalSection(SolutionConfigurationPlatforms) = preSolution
		Debug|Any CPU = Debug|Any CPU
		Release|Any CPU = Release|Any CPU
	EndGlobalSection
	GlobalSection(ProjectConfigurationPlatforms) = postSolution
		{31EED731-297F-4F53-92AC-A266C9B85468}.Debug|Any CPU.ActiveCfg = Debug|Any CPU
		{31EED731-297F-4F53-92AC-A266C9B85468}.Debug|Any CPU.Build.0 = Debug|Any CPU
		{31EED731-297F-4F53-92AC-A266C9B85468}.Release|Any CPU.ActiveCfg = Release|Any CPU
		{31EED731-297F-4F53-92AC-A266C9B85468}.Release|Any CPU.Build.0 = Release|Any CPU
		{F9638D87-F51E-4931-B9A9-927654C10C1A}.Debug|Any CPU.ActiveCfg = Debug|Any CPU
		{F9638D87-F51E-4931-B9A9-927654C10C1A}.Debug|Any CPU.Build.0 = Debug|Any CPU
		{F9638D87-F51E-4931-B9A9-927654C10C1A}.Release|Any CPU.ActiveCfg = Release|Any CPU
		{F9638D87-F51E-4931-B9A9-927654C10C1A}.Release|Any CPU.Build.0 = Release|Any CPU
	EndGlobalSection
	GlobalSection(SolutionProperties) = preSolution
		HideSolutionNode = FALSE
	EndGlobalSection
EndGlobal
