
Microsoft Visual Studio Solution File, Format Version 12.00
# Visual Studio 15
VisualStudioVersion = 15.0.26228.4
MinimumVisualStudioVersion = 10.0.40219.1
Project("{FAE04EC0-301F-11D3-BF4B-00C04F79EFBC}") = "0.02_basictypes", "0.02_basictypes\0.02_basictypes.csproj", "{31EED731-297F-4F53-92AC-A266C9B85468}"
EndProject
Project("{FAE04EC0-301F-11D3-BF4B-00C04F79EFBC}") = "0.01_intro", "0.01_intro\0.01_intro.csproj", "{F9638D87-F51E-4931-B9A9-927654C10C1A}"
EndProject
Project("{FAE04EC0-301F-11D3-BF4B-00C04F79EFBC}") = "0.02_BasicTypes_Challenges", "0.02_BasicTypes_Challenges\0.02_BasicTypes_Challenges.csproj", "{31B96E68-0A16-4D46-83E9-FD2271442532}"
EndProject
Project("{FAE04EC0-301F-11D3-BF4B-00C04F79EFBC}") = "0.03_Strings", "0.03_Strings\0.03_Strings.csproj", "{08C35600-35D7-416D-88BA-8A1BB7C4BAA3}"
EndProject
Project("{FAE04EC0-301F-11D3-BF4B-00C04F79EFBC}") = "0.03_String_Challenges", "0.03_String_Challenges\0.03_String_Challenges.csproj", "{CAF037F1-6B62-4402-AA24-093E5DF481F6}"
EndProject
Project("{FAE04EC0-301F-11D3-BF4B-00C04F79EFBC}") = "0.04_Conditionals_if", "0.04_Conditionals_if\0.04_Conditionals_if.csproj", "{F2CAF46C-B301-45CA-806B-2F266106B3F5}"
EndProject
Project("{FAE04EC0-301F-11D3-BF4B-00C04F79EFBC}") = "0.04_Conditionals_if_else", "0.04_Conditionals_if_else\0.04_Conditionals_if_else.csproj", "{18CDE795-9753-4229-A2FA-57E9EA2C8665}"
EndProject
Project("{FAE04EC0-301F-11D3-BF4B-00C04F79EFBC}") = "0.04_Conditionals_else_if", "0.04_Conditionals_else_if\0.04_Conditionals_else_if.csproj", "{BF717C5A-DC58-441E-8298-8BADF0393781}"
EndProject
Project("{FAE04EC0-301F-11D3-BF4B-00C04F79EFBC}") = "0.04_Conditionals_ReadLine", "0.04_Conditionals_ReadLine\0.04_Conditionals_ReadLine.csproj", "{2BD5D9CE-9661-4FFE-8824-63BDABCFEC32}"
EndProject
Project("{FAE04EC0-301F-11D3-BF4B-00C04F79EFBC}") = "0.04_Conditionals_switch", "0.04_Conditionals_switch\0.04_Conditionals_switch.csproj", "{3D584A2B-802C-4A49-9CF7-4987FCC06CCB}"
EndProject
Project("{FAE04EC0-301F-11D3-BF4B-00C04F79EFBC}") = "0.04_Conditionals_Ternary", "0.04_Conditionals_Ternary\0.04_Conditionals_Ternary.csproj", "{5058C377-3D2C-4447-B14C-DAF96DD92842}"
EndProject
Project("{FAE04EC0-301F-11D3-BF4B-00C04F79EFBC}") = "0.05_Objects", "0.05_Objects\0.05_Objects.csproj", "{13D988A4-1EB3-46BF-AA19-86A248FA143F}"
EndProject
Project("{FAE04EC0-301F-11D3-BF4B-00C04F79EFBC}") = "0.05_Objects_Challenge", "0.05_Objects_Challenge\0.05_Objects_Challenge.csproj", "{7AAD3B7C-BC00-4106-8BD8-387316198078}"
EndProject
Project("{FAE04EC0-301F-11D3-BF4B-00C04F79EFBC}") = "0.06_Methods", "0.06_Methods\0.06_Methods.csproj", "{04B3DEBB-7EB8-452C-BF80-6BFB534A2C50}"
EndProject
Project("{FAE04EC0-301F-11D3-BF4B-00C04F79EFBC}") = "0.06_methods_challenge", "0.06_methods_challenge\0.06_methods_challenge.csproj", "{9D4F9509-7B0B-4ADA-9BDD-805A3E0EB926}"
EndProject
Project("{FAE04EC0-301F-11D3-BF4B-00C04F79EFBC}") = "0.08_Methods_Overloading", "0.08_Methods_Overloading\0.08_Methods_Overloading.csproj", "{1A08C2CB-EA73-48D2-9B5A-0D1694A78969}"
EndProject
Project("{FAE04EC0-301F-11D3-BF4B-00C04F79EFBC}") = "0.09_Constructors", "0.09_Constructors\0.09_Constructors.csproj", "{DC179453-1784-4879-9666-402B728D748B}"
EndProject
Project("{FAE04EC0-301F-11D3-BF4B-00C04F79EFBC}") = "0.09_Constructors_Challenge", "0.09_Constructors_Challenge\0.09_Constructors_Challenge.csproj", "{45E9B4A7-DEFB-4A4E-A0DE-56600A62DC1B}"
EndProject
Project("{FAE04EC0-301F-11D3-BF4B-00C04F79EFBC}") = "0.10_ForLoops", "0.10_ForLoops\0.10_ForLoops.csproj", "{2BE0A446-B87B-4ACB-AA92-1E720B8AE04E}"
EndProject
Project("{FAE04EC0-301F-11D3-BF4B-00C04F79EFBC}") = "0.10_ForLoop_SimpleProgram", "0.10_ForLoop_SimpleProgram\0.10_ForLoop_SimpleProgram.csproj", "{16E26412-3E0B-41EC-A4BB-C31CBDBC6B8C}"
EndProject
Project("{FAE04EC0-301F-11D3-BF4B-00C04F79EFBC}") = "0.10_ForEachLoops", "0.10_ForEachLoops\0.10_ForEachLoops.csproj", "{EAD77475-A318-43AD-B620-9501ACF18BBA}"
EndProject
Project("{FAE04EC0-301F-11D3-BF4B-00C04F79EFBC}") = "0.11_Collections_ArraysOfObject", "0.11_Collections_ArraysOfObject\0.11_Collections_ArraysOfObject.csproj", "{47C1BBA7-CF3C-480B-BFB8-E182C6887C7E}"
EndProject
Project("{FAE04EC0-301F-11D3-BF4B-00C04F79EFBC}") = "0.12_Collections_Dictionaries", "0.12_Collections_Dictionaries\0.12_Collections_Dictionaries.csproj", "{F147CBBF-D5CB-40F7-AA92-A7BB4B2909F1}"
EndProject
Project("{FAE04EC0-301F-11D3-BF4B-00C04F79EFBC}") = "0.12_Collections_Dictionaries_Challenge", "0.12_Collections_Dictionaries_Challenge\0.12_Collections_Dictionaries_Challenge.csproj", "{94B51C36-30CB-4EE2-AE74-7182CA7BF8EF}"
EndProject
Project("{FAE04EC0-301F-11D3-BF4B-00C04F79EFBC}") = "0.13_Inheritance", "0.13_Inheritance\0.13_Inheritance.csproj", "{DA4FC6BA-6273-46C8-9880-6164D02866AC}"
EndProject
Project("{FAE04EC0-301F-11D3-BF4B-00C04F79EFBC}") = "0.14_AccessModifires", "0.14_AccessModifires\0.14_AccessModifires.csproj", "{ADFD5EED-4158-4566-AE1D-2276732F573C}"
EndProject
Project("{FAE04EC0-301F-11D3-BF4B-00C04F79EFBC}") = "0.15_GettersandSetters", "0.15_GettersandSetters\0.15_GettersandSetters.csproj", "{0942D4DB-9894-473A-AF8E-19331966CB4C}"
EndProject
Project("{FAE04EC0-301F-11D3-BF4B-00C04F79EFBC}") = "0.16_FantasyGame", "0.16_FantasyGame\0.16_FantasyGame.csproj", "{E56F81D0-5947-4CC8-9689-C670E92DF20D}"
EndProject
Project("{FAE04EC0-301F-11D3-BF4B-00C04F79EFBC}") = "Interface_Challenge", "Interface_Challenge\Interface_Challenge.csproj", "{2D49DBEE-E86B-4FBF-8FD8-628C93817DA5}"
EndProject
Project("{FAE04EC0-301F-11D3-BF4B-00C04F79EFBC}") = "0.09_Constructors_Base", "0.09_Constructors_Base\0.09_Constructors_Base.csproj", "{2C7E5DB9-7806-4215-9F7F-640C3DCA0B48}"
EndProject
Global
	GlobalSection(SolutionConfigurationPlatforms) = preSolution
		Debug|Any CPU = Debug|Any CPU
		Release|Any CPU = Release|Any CPU
	EndGlobalSection
	GlobalSection(ProjectConfigurationPlatforms) = postSolution
		{31EED731-297F-4F53-92AC-A266C9B85468}.Debug|Any CPU.ActiveCfg = Debug|Any CPU
		{31EED731-297F-4F53-92AC-A266C9B85468}.Debug|Any CPU.Build.0 = Debug|Any CPU
		{31EED731-297F-4F53-92AC-A266C9B85468}.Release|Any CPU.ActiveCfg = Release|Any CPU
		{31EED731-297F-4F53-92AC-A266C9B85468}.Release|Any CPU.Build.0 = Release|Any CPU
		{F9638D87-F51E-4931-B9A9-927654C10C1A}.Debug|Any CPU.ActiveCfg = Debug|Any CPU
		{F9638D87-F51E-4931-B9A9-927654C10C1A}.Debug|Any CPU.Build.0 = Debug|Any CPU
		{F9638D87-F51E-4931-B9A9-927654C10C1A}.Release|Any CPU.ActiveCfg = Release|Any CPU
		{F9638D87-F51E-4931-B9A9-927654C10C1A}.Release|Any CPU.Build.0 = Release|Any CPU
		{31B96E68-0A16-4D46-83E9-FD2271442532}.Debug|Any CPU.ActiveCfg = Debug|Any CPU
		{31B96E68-0A16-4D46-83E9-FD2271442532}.Debug|Any CPU.Build.0 = Debug|Any CPU
		{31B96E68-0A16-4D46-83E9-FD2271442532}.Release|Any CPU.ActiveCfg = Release|Any CPU
		{31B96E68-0A16-4D46-83E9-FD2271442532}.Release|Any CPU.Build.0 = Release|Any CPU
		{08C35600-35D7-416D-88BA-8A1BB7C4BAA3}.Debug|Any CPU.ActiveCfg = Debug|Any CPU
		{08C35600-35D7-416D-88BA-8A1BB7C4BAA3}.Debug|Any CPU.Build.0 = Debug|Any CPU
		{08C35600-35D7-416D-88BA-8A1BB7C4BAA3}.Release|Any CPU.ActiveCfg = Release|Any CPU
		{08C35600-35D7-416D-88BA-8A1BB7C4BAA3}.Release|Any CPU.Build.0 = Release|Any CPU
		{CAF037F1-6B62-4402-AA24-093E5DF481F6}.Debug|Any CPU.ActiveCfg = Debug|Any CPU
		{CAF037F1-6B62-4402-AA24-093E5DF481F6}.Debug|Any CPU.Build.0 = Debug|Any CPU
		{CAF037F1-6B62-4402-AA24-093E5DF481F6}.Release|Any CPU.ActiveCfg = Release|Any CPU
		{CAF037F1-6B62-4402-AA24-093E5DF481F6}.Release|Any CPU.Build.0 = Release|Any CPU
		{F2CAF46C-B301-45CA-806B-2F266106B3F5}.Debug|Any CPU.ActiveCfg = Debug|Any CPU
		{F2CAF46C-B301-45CA-806B-2F266106B3F5}.Debug|Any CPU.Build.0 = Debug|Any CPU
		{F2CAF46C-B301-45CA-806B-2F266106B3F5}.Release|Any CPU.ActiveCfg = Release|Any CPU
		{F2CAF46C-B301-45CA-806B-2F266106B3F5}.Release|Any CPU.Build.0 = Release|Any CPU
		{18CDE795-9753-4229-A2FA-57E9EA2C8665}.Debug|Any CPU.ActiveCfg = Debug|Any CPU
		{18CDE795-9753-4229-A2FA-57E9EA2C8665}.Debug|Any CPU.Build.0 = Debug|Any CPU
		{18CDE795-9753-4229-A2FA-57E9EA2C8665}.Release|Any CPU.ActiveCfg = Release|Any CPU
		{18CDE795-9753-4229-A2FA-57E9EA2C8665}.Release|Any CPU.Build.0 = Release|Any CPU
		{BF717C5A-DC58-441E-8298-8BADF0393781}.Debug|Any CPU.ActiveCfg = Debug|Any CPU
		{BF717C5A-DC58-441E-8298-8BADF0393781}.Debug|Any CPU.Build.0 = Debug|Any CPU
		{BF717C5A-DC58-441E-8298-8BADF0393781}.Release|Any CPU.ActiveCfg = Release|Any CPU
		{BF717C5A-DC58-441E-8298-8BADF0393781}.Release|Any CPU.Build.0 = Release|Any CPU
		{2BD5D9CE-9661-4FFE-8824-63BDABCFEC32}.Debug|Any CPU.ActiveCfg = Debug|Any CPU
		{2BD5D9CE-9661-4FFE-8824-63BDABCFEC32}.Debug|Any CPU.Build.0 = Debug|Any CPU
		{2BD5D9CE-9661-4FFE-8824-63BDABCFEC32}.Release|Any CPU.ActiveCfg = Release|Any CPU
		{2BD5D9CE-9661-4FFE-8824-63BDABCFEC32}.Release|Any CPU.Build.0 = Release|Any CPU
		{3D584A2B-802C-4A49-9CF7-4987FCC06CCB}.Debug|Any CPU.ActiveCfg = Debug|Any CPU
		{3D584A2B-802C-4A49-9CF7-4987FCC06CCB}.Debug|Any CPU.Build.0 = Debug|Any CPU
		{3D584A2B-802C-4A49-9CF7-4987FCC06CCB}.Release|Any CPU.ActiveCfg = Release|Any CPU
		{3D584A2B-802C-4A49-9CF7-4987FCC06CCB}.Release|Any CPU.Build.0 = Release|Any CPU
		{5058C377-3D2C-4447-B14C-DAF96DD92842}.Debug|Any CPU.ActiveCfg = Debug|Any CPU
		{5058C377-3D2C-4447-B14C-DAF96DD92842}.Debug|Any CPU.Build.0 = Debug|Any CPU
		{5058C377-3D2C-4447-B14C-DAF96DD92842}.Release|Any CPU.ActiveCfg = Release|Any CPU
		{5058C377-3D2C-4447-B14C-DAF96DD92842}.Release|Any CPU.Build.0 = Release|Any CPU
		{13D988A4-1EB3-46BF-AA19-86A248FA143F}.Debug|Any CPU.ActiveCfg = Debug|Any CPU
		{13D988A4-1EB3-46BF-AA19-86A248FA143F}.Debug|Any CPU.Build.0 = Debug|Any CPU
		{13D988A4-1EB3-46BF-AA19-86A248FA143F}.Release|Any CPU.ActiveCfg = Release|Any CPU
		{13D988A4-1EB3-46BF-AA19-86A248FA143F}.Release|Any CPU.Build.0 = Release|Any CPU
		{7AAD3B7C-BC00-4106-8BD8-387316198078}.Debug|Any CPU.ActiveCfg = Debug|Any CPU
		{7AAD3B7C-BC00-4106-8BD8-387316198078}.Debug|Any CPU.Build.0 = Debug|Any CPU
		{7AAD3B7C-BC00-4106-8BD8-387316198078}.Release|Any CPU.ActiveCfg = Release|Any CPU
		{7AAD3B7C-BC00-4106-8BD8-387316198078}.Release|Any CPU.Build.0 = Release|Any CPU
		{04B3DEBB-7EB8-452C-BF80-6BFB534A2C50}.Debug|Any CPU.ActiveCfg = Debug|Any CPU
		{04B3DEBB-7EB8-452C-BF80-6BFB534A2C50}.Debug|Any CPU.Build.0 = Debug|Any CPU
		{04B3DEBB-7EB8-452C-BF80-6BFB534A2C50}.Release|Any CPU.ActiveCfg = Release|Any CPU
		{04B3DEBB-7EB8-452C-BF80-6BFB534A2C50}.Release|Any CPU.Build.0 = Release|Any CPU
		{9D4F9509-7B0B-4ADA-9BDD-805A3E0EB926}.Debug|Any CPU.ActiveCfg = Debug|Any CPU
		{9D4F9509-7B0B-4ADA-9BDD-805A3E0EB926}.Debug|Any CPU.Build.0 = Debug|Any CPU
		{9D4F9509-7B0B-4ADA-9BDD-805A3E0EB926}.Release|Any CPU.ActiveCfg = Release|Any CPU
		{9D4F9509-7B0B-4ADA-9BDD-805A3E0EB926}.Release|Any CPU.Build.0 = Release|Any CPU
		{1A08C2CB-EA73-48D2-9B5A-0D1694A78969}.Debug|Any CPU.ActiveCfg = Debug|Any CPU
		{1A08C2CB-EA73-48D2-9B5A-0D1694A78969}.Debug|Any CPU.Build.0 = Debug|Any CPU
		{1A08C2CB-EA73-48D2-9B5A-0D1694A78969}.Release|Any CPU.ActiveCfg = Release|Any CPU
		{1A08C2CB-EA73-48D2-9B5A-0D1694A78969}.Release|Any CPU.Build.0 = Release|Any CPU
		{DC179453-1784-4879-9666-402B728D748B}.Debug|Any CPU.ActiveCfg = Debug|Any CPU
		{DC179453-1784-4879-9666-402B728D748B}.Debug|Any CPU.Build.0 = Debug|Any CPU
		{DC179453-1784-4879-9666-402B728D748B}.Release|Any CPU.ActiveCfg = Release|Any CPU
		{DC179453-1784-4879-9666-402B728D748B}.Release|Any CPU.Build.0 = Release|Any CPU
		{45E9B4A7-DEFB-4A4E-A0DE-56600A62DC1B}.Debug|Any CPU.ActiveCfg = Debug|Any CPU
		{45E9B4A7-DEFB-4A4E-A0DE-56600A62DC1B}.Debug|Any CPU.Build.0 = Debug|Any CPU
		{45E9B4A7-DEFB-4A4E-A0DE-56600A62DC1B}.Release|Any CPU.ActiveCfg = Release|Any CPU
		{45E9B4A7-DEFB-4A4E-A0DE-56600A62DC1B}.Release|Any CPU.Build.0 = Release|Any CPU
		{2BE0A446-B87B-4ACB-AA92-1E720B8AE04E}.Debug|Any CPU.ActiveCfg = Debug|Any CPU
		{2BE0A446-B87B-4ACB-AA92-1E720B8AE04E}.Debug|Any CPU.Build.0 = Debug|Any CPU
		{2BE0A446-B87B-4ACB-AA92-1E720B8AE04E}.Release|Any CPU.ActiveCfg = Release|Any CPU
		{2BE0A446-B87B-4ACB-AA92-1E720B8AE04E}.Release|Any CPU.Build.0 = Release|Any CPU
		{16E26412-3E0B-41EC-A4BB-C31CBDBC6B8C}.Debug|Any CPU.ActiveCfg = Debug|Any CPU
		{16E26412-3E0B-41EC-A4BB-C31CBDBC6B8C}.Debug|Any CPU.Build.0 = Debug|Any CPU
		{16E26412-3E0B-41EC-A4BB-C31CBDBC6B8C}.Release|Any CPU.ActiveCfg = Release|Any CPU
		{16E26412-3E0B-41EC-A4BB-C31CBDBC6B8C}.Release|Any CPU.Build.0 = Release|Any CPU
		{EAD77475-A318-43AD-B620-9501ACF18BBA}.Debug|Any CPU.ActiveCfg = Debug|Any CPU
		{EAD77475-A318-43AD-B620-9501ACF18BBA}.Debug|Any CPU.Build.0 = Debug|Any CPU
		{EAD77475-A318-43AD-B620-9501ACF18BBA}.Release|Any CPU.ActiveCfg = Release|Any CPU
		{EAD77475-A318-43AD-B620-9501ACF18BBA}.Release|Any CPU.Build.0 = Release|Any CPU
		{47C1BBA7-CF3C-480B-BFB8-E182C6887C7E}.Debug|Any CPU.ActiveCfg = Debug|Any CPU
		{47C1BBA7-CF3C-480B-BFB8-E182C6887C7E}.Debug|Any CPU.Build.0 = Debug|Any CPU
		{47C1BBA7-CF3C-480B-BFB8-E182C6887C7E}.Release|Any CPU.ActiveCfg = Release|Any CPU
		{47C1BBA7-CF3C-480B-BFB8-E182C6887C7E}.Release|Any CPU.Build.0 = Release|Any CPU
		{F147CBBF-D5CB-40F7-AA92-A7BB4B2909F1}.Debug|Any CPU.ActiveCfg = Debug|Any CPU
		{F147CBBF-D5CB-40F7-AA92-A7BB4B2909F1}.Debug|Any CPU.Build.0 = Debug|Any CPU
		{F147CBBF-D5CB-40F7-AA92-A7BB4B2909F1}.Release|Any CPU.ActiveCfg = Release|Any CPU
		{F147CBBF-D5CB-40F7-AA92-A7BB4B2909F1}.Release|Any CPU.Build.0 = Release|Any CPU
		{94B51C36-30CB-4EE2-AE74-7182CA7BF8EF}.Debug|Any CPU.ActiveCfg = Debug|Any CPU
		{94B51C36-30CB-4EE2-AE74-7182CA7BF8EF}.Debug|Any CPU.Build.0 = Debug|Any CPU
		{94B51C36-30CB-4EE2-AE74-7182CA7BF8EF}.Release|Any CPU.ActiveCfg = Release|Any CPU
		{94B51C36-30CB-4EE2-AE74-7182CA7BF8EF}.Release|Any CPU.Build.0 = Release|Any CPU
		{DA4FC6BA-6273-46C8-9880-6164D02866AC}.Debug|Any CPU.ActiveCfg = Debug|Any CPU
		{DA4FC6BA-6273-46C8-9880-6164D02866AC}.Debug|Any CPU.Build.0 = Debug|Any CPU
		{DA4FC6BA-6273-46C8-9880-6164D02866AC}.Release|Any CPU.ActiveCfg = Release|Any CPU
		{DA4FC6BA-6273-46C8-9880-6164D02866AC}.Release|Any CPU.Build.0 = Release|Any CPU
		{ADFD5EED-4158-4566-AE1D-2276732F573C}.Debug|Any CPU.ActiveCfg = Debug|Any CPU
		{ADFD5EED-4158-4566-AE1D-2276732F573C}.Debug|Any CPU.Build.0 = Debug|Any CPU
		{ADFD5EED-4158-4566-AE1D-2276732F573C}.Release|Any CPU.ActiveCfg = Release|Any CPU
		{ADFD5EED-4158-4566-AE1D-2276732F573C}.Release|Any CPU.Build.0 = Release|Any CPU
		{0942D4DB-9894-473A-AF8E-19331966CB4C}.Debug|Any CPU.ActiveCfg = Debug|Any CPU
		{0942D4DB-9894-473A-AF8E-19331966CB4C}.Debug|Any CPU.Build.0 = Debug|Any CPU
		{0942D4DB-9894-473A-AF8E-19331966CB4C}.Release|Any CPU.ActiveCfg = Release|Any CPU
		{0942D4DB-9894-473A-AF8E-19331966CB4C}.Release|Any CPU.Build.0 = Release|Any CPU
		{E56F81D0-5947-4CC8-9689-C670E92DF20D}.Debug|Any CPU.ActiveCfg = Debug|Any CPU
		{E56F81D0-5947-4CC8-9689-C670E92DF20D}.Debug|Any CPU.Build.0 = Debug|Any CPU
		{E56F81D0-5947-4CC8-9689-C670E92DF20D}.Release|Any CPU.ActiveCfg = Release|Any CPU
		{E56F81D0-5947-4CC8-9689-C670E92DF20D}.Release|Any CPU.Build.0 = Release|Any CPU
		{2D49DBEE-E86B-4FBF-8FD8-628C93817DA5}.Debug|Any CPU.ActiveCfg = Debug|Any CPU
		{2D49DBEE-E86B-4FBF-8FD8-628C93817DA5}.Debug|Any CPU.Build.0 = Debug|Any CPU
		{2D49DBEE-E86B-4FBF-8FD8-628C93817DA5}.Release|Any CPU.ActiveCfg = Release|Any CPU
		{2D49DBEE-E86B-4FBF-8FD8-628C93817DA5}.Release|Any CPU.Build.0 = Release|Any CPU
		{2C7E5DB9-7806-4215-9F7F-640C3DCA0B48}.Debug|Any CPU.ActiveCfg = Debug|Any CPU
		{2C7E5DB9-7806-4215-9F7F-640C3DCA0B48}.Debug|Any CPU.Build.0 = Debug|Any CPU
		{2C7E5DB9-7806-4215-9F7F-640C3DCA0B48}.Release|Any CPU.ActiveCfg = Release|Any CPU
		{2C7E5DB9-7806-4215-9F7F-640C3DCA0B48}.Release|Any CPU.Build.0 = Release|Any CPU
	EndGlobalSection
	GlobalSection(SolutionProperties) = preSolution
		HideSolutionNode = FALSE
	EndGlobalSection
EndGlobal
